
Microsoft Visual Studio Solution File, Format Version 12.00
# Visual Studio 15
VisualStudioVersion = 15.0.26430.14
MinimumVisualStudioVersion = 10.0.40219.1
Project("{FAE04EC0-301F-11D3-BF4B-00C04F79EFBC}") = "TestApp1", "TestApp1\TestApp1.csproj", "{126BA7F9-CD7D-4BB3-8D2A-B011A385FC16}"
EndProject
Project("{FAE04EC0-301F-11D3-BF4B-00C04F79EFBC}") = "GenerateLineMap", "GenerateLineMap\GenerateLineMap.csproj", "{EA13AB2D-71F0-4634-911B-84BFD0D29232}"
EndProject
Project("{2150E333-8FDC-42A3-9474-1A3956D46DE8}") = "VB", "VB", "{B544155D-E941-447E-A241-6876B495F15E}"
EndProject
Project("{FAE04EC0-301F-11D3-BF4B-00C04F79EFBC}") = "GenerateLineMapUnitTests", "GenerateLineMapUnitTests\GenerateLineMapUnitTests.csproj", "{BDBD9ED6-511D-45D4-8B3B-4AA51FD13CFB}"
EndProject
Project("{FAE04EC0-301F-11D3-BF4B-00C04F79EFBC}") = "GenerateLineMap.MSBuild.Task", "GenerateLineMap.MSBuild.Task\GenerateLineMap.MSBuild.Task.csproj", "{43FD3A69-730F-4FA0-9036-0897F3B758EE}"
EndProject
Project("{2150E333-8FDC-42A3-9474-1A3956D46DE8}") = "VersionInfo", "VersionInfo", "{3D89CD87-07DD-49F7-A28F-2D5A27540E24}"
	ProjectSection(SolutionItems) = preProject
		VersionInfo\SharedAssemblyInfo.cs = VersionInfo\SharedAssemblyInfo.cs
		VersionInfo\SharedAssemblyInfo.tt = VersionInfo\SharedAssemblyInfo.tt
	EndProjectSection
EndProject
Project("{F184B08F-C81C-45F6-A57F-5ABD9991F28F}") = "GenerateLineMap", "VB\GenerateLineMap\GenerateLineMap.vbproj", "{C68DDF56-C26F-4FBC-BDAC-6D1774307951}"
EndProject
Project("{FAE04EC0-301F-11D3-BF4B-00C04F79EFBC}") = "GenerateLineMap.VisualStudio.Extension", "GenerateLineMap.VisualStudio.Extension\GenerateLineMap.VisualStudio.Extension.csproj", "{5BBF76CD-3207-4295-B25A-963C141328CC}"
EndProject
Project("{FAE04EC0-301F-11D3-BF4B-00C04F79EFBC}") = "TestAppExceptionExtensions", "TestAppExceptionExtensions\TestAppExceptionExtensions.csproj", "{0E9B8BAD-003F-4F0E-B686-0A17CE41CAC7}"
EndProject
Project("{FAE04EC0-301F-11D3-BF4B-00C04F79EFBC}") = "TestDLL1", "TestDLL1\TestDLL1.csproj", "{38A32FC8-1E20-4782-8D1D-D2311A506EA3}"
	ProjectSection(ProjectDependencies) = postProject
		{97BE86B7-5777-4835-9340-9C79ED8F2238} = {97BE86B7-5777-4835-9340-9C79ED8F2238}
	EndProjectSection
EndProject
Project("{FAE04EC0-301F-11D3-BF4B-00C04F79EFBC}") = "TestDLL2", "TestDLL2\TestDLL2.csproj", "{61395696-F35A-43BF-A2BE-13FBD450F3A3}"
EndProject
Project("{2150E333-8FDC-42A3-9474-1A3956D46DE8}") = ".NuGetPack", ".NuGetPack", "{723C92C9-B742-4ECE-874E-081B91D4BCF1}"
	ProjectSection(SolutionItems) = preProject
		.NuGetPack\NuGet.exe = .NuGetPack\NuGet.exe
		.NuGetPack\NuGetPack.exe = .NuGetPack\NuGetPack.exe
	EndProjectSection
EndProject
Project("{FAE04EC0-301F-11D3-BF4B-00C04F79EFBC}") = "DotNetLineNumbers.Utilities", "DotNetLineNumbers.Utilities\DotNetLineNumbers.Utilities.csproj", "{97BE86B7-5777-4835-9340-9C79ED8F2238}"
EndProject
Project("{FAE04EC0-301F-11D3-BF4B-00C04F79EFBC}") = "DotNetLineNumbers", "DotNetLineNumbers\DotNetLineNumbers.csproj", "{34D84134-412A-4A14-B8F9-4A1D05B84183}"
EndProject
Project("{7CF6DF6D-3B04-46F8-A40B-537D21BCA0B4}") = "DotNetLineNumbersHelp", "DotNetLineNumbersHelp\DotNetLineNumbersHelp.shfbproj", "{99AD4255-53F4-417F-ACE6-43B68E52BBB9}"
EndProject
Global
	GlobalSection(SolutionConfigurationPlatforms) = preSolution
		Debug|Any CPU = Debug|Any CPU
		Debug|x64 = Debug|x64
		Debug|x86 = Debug|x86
		Release|Any CPU = Release|Any CPU
		Release|x64 = Release|x64
		Release|x86 = Release|x86
	EndGlobalSection
	GlobalSection(ProjectConfigurationPlatforms) = postSolution
		{126BA7F9-CD7D-4BB3-8D2A-B011A385FC16}.Debug|Any CPU.ActiveCfg = Debug|Any CPU
		{126BA7F9-CD7D-4BB3-8D2A-B011A385FC16}.Debug|Any CPU.Build.0 = Debug|Any CPU
		{126BA7F9-CD7D-4BB3-8D2A-B011A385FC16}.Debug|x64.ActiveCfg = Debug|Any CPU
		{126BA7F9-CD7D-4BB3-8D2A-B011A385FC16}.Debug|x64.Build.0 = Debug|Any CPU
		{126BA7F9-CD7D-4BB3-8D2A-B011A385FC16}.Debug|x86.ActiveCfg = Debug|Any CPU
		{126BA7F9-CD7D-4BB3-8D2A-B011A385FC16}.Debug|x86.Build.0 = Debug|Any CPU
		{126BA7F9-CD7D-4BB3-8D2A-B011A385FC16}.Release|Any CPU.ActiveCfg = Release|Any CPU
		{126BA7F9-CD7D-4BB3-8D2A-B011A385FC16}.Release|Any CPU.Build.0 = Release|Any CPU
		{126BA7F9-CD7D-4BB3-8D2A-B011A385FC16}.Release|x64.ActiveCfg = Release|Any CPU
		{126BA7F9-CD7D-4BB3-8D2A-B011A385FC16}.Release|x64.Build.0 = Release|Any CPU
		{126BA7F9-CD7D-4BB3-8D2A-B011A385FC16}.Release|x86.ActiveCfg = Release|Any CPU
		{126BA7F9-CD7D-4BB3-8D2A-B011A385FC16}.Release|x86.Build.0 = Release|Any CPU
		{EA13AB2D-71F0-4634-911B-84BFD0D29232}.Debug|Any CPU.ActiveCfg = Debug|Any CPU
		{EA13AB2D-71F0-4634-911B-84BFD0D29232}.Debug|Any CPU.Build.0 = Debug|Any CPU
		{EA13AB2D-71F0-4634-911B-84BFD0D29232}.Debug|x64.ActiveCfg = Debug|Any CPU
		{EA13AB2D-71F0-4634-911B-84BFD0D29232}.Debug|x64.Build.0 = Debug|Any CPU
		{EA13AB2D-71F0-4634-911B-84BFD0D29232}.Debug|x86.ActiveCfg = Debug|Any CPU
		{EA13AB2D-71F0-4634-911B-84BFD0D29232}.Debug|x86.Build.0 = Debug|Any CPU
		{EA13AB2D-71F0-4634-911B-84BFD0D29232}.Release|Any CPU.ActiveCfg = Release|Any CPU
		{EA13AB2D-71F0-4634-911B-84BFD0D29232}.Release|Any CPU.Build.0 = Release|Any CPU
		{EA13AB2D-71F0-4634-911B-84BFD0D29232}.Release|x64.ActiveCfg = Release|Any CPU
		{EA13AB2D-71F0-4634-911B-84BFD0D29232}.Release|x64.Build.0 = Release|Any CPU
		{EA13AB2D-71F0-4634-911B-84BFD0D29232}.Release|x86.ActiveCfg = Release|Any CPU
		{EA13AB2D-71F0-4634-911B-84BFD0D29232}.Release|x86.Build.0 = Release|Any CPU
		{BDBD9ED6-511D-45D4-8B3B-4AA51FD13CFB}.Debug|Any CPU.ActiveCfg = Debug|Any CPU
		{BDBD9ED6-511D-45D4-8B3B-4AA51FD13CFB}.Debug|Any CPU.Build.0 = Debug|Any CPU
		{BDBD9ED6-511D-45D4-8B3B-4AA51FD13CFB}.Debug|x64.ActiveCfg = Debug|Any CPU
		{BDBD9ED6-511D-45D4-8B3B-4AA51FD13CFB}.Debug|x64.Build.0 = Debug|Any CPU
		{BDBD9ED6-511D-45D4-8B3B-4AA51FD13CFB}.Debug|x86.ActiveCfg = Debug|Any CPU
		{BDBD9ED6-511D-45D4-8B3B-4AA51FD13CFB}.Debug|x86.Build.0 = Debug|Any CPU
		{BDBD9ED6-511D-45D4-8B3B-4AA51FD13CFB}.Release|Any CPU.ActiveCfg = Release|Any CPU
		{BDBD9ED6-511D-45D4-8B3B-4AA51FD13CFB}.Release|Any CPU.Build.0 = Release|Any CPU
		{BDBD9ED6-511D-45D4-8B3B-4AA51FD13CFB}.Release|x64.ActiveCfg = Release|Any CPU
		{BDBD9ED6-511D-45D4-8B3B-4AA51FD13CFB}.Release|x64.Build.0 = Release|Any CPU
		{BDBD9ED6-511D-45D4-8B3B-4AA51FD13CFB}.Release|x86.ActiveCfg = Release|Any CPU
		{BDBD9ED6-511D-45D4-8B3B-4AA51FD13CFB}.Release|x86.Build.0 = Release|Any CPU
		{43FD3A69-730F-4FA0-9036-0897F3B758EE}.Debug|Any CPU.ActiveCfg = Debug|Any CPU
		{43FD3A69-730F-4FA0-9036-0897F3B758EE}.Debug|Any CPU.Build.0 = Debug|Any CPU
		{43FD3A69-730F-4FA0-9036-0897F3B758EE}.Debug|x64.ActiveCfg = Debug|Any CPU
		{43FD3A69-730F-4FA0-9036-0897F3B758EE}.Debug|x64.Build.0 = Debug|Any CPU
		{43FD3A69-730F-4FA0-9036-0897F3B758EE}.Debug|x86.ActiveCfg = Debug|Any CPU
		{43FD3A69-730F-4FA0-9036-0897F3B758EE}.Debug|x86.Build.0 = Debug|Any CPU
		{43FD3A69-730F-4FA0-9036-0897F3B758EE}.Release|Any CPU.ActiveCfg = Release|Any CPU
		{43FD3A69-730F-4FA0-9036-0897F3B758EE}.Release|Any CPU.Build.0 = Release|Any CPU
		{43FD3A69-730F-4FA0-9036-0897F3B758EE}.Release|x64.ActiveCfg = Release|Any CPU
		{43FD3A69-730F-4FA0-9036-0897F3B758EE}.Release|x64.Build.0 = Release|Any CPU
		{43FD3A69-730F-4FA0-9036-0897F3B758EE}.Release|x86.ActiveCfg = Release|Any CPU
		{43FD3A69-730F-4FA0-9036-0897F3B758EE}.Release|x86.Build.0 = Release|Any CPU
		{C68DDF56-C26F-4FBC-BDAC-6D1774307951}.Debug|Any CPU.ActiveCfg = Debug|Any CPU
		{C68DDF56-C26F-4FBC-BDAC-6D1774307951}.Debug|x64.ActiveCfg = Debug|Any CPU
		{C68DDF56-C26F-4FBC-BDAC-6D1774307951}.Debug|x64.Build.0 = Debug|Any CPU
		{C68DDF56-C26F-4FBC-BDAC-6D1774307951}.Debug|x86.ActiveCfg = Debug|Any CPU
		{C68DDF56-C26F-4FBC-BDAC-6D1774307951}.Debug|x86.Build.0 = Debug|Any CPU
		{C68DDF56-C26F-4FBC-BDAC-6D1774307951}.Release|Any CPU.ActiveCfg = Release|Any CPU
		{C68DDF56-C26F-4FBC-BDAC-6D1774307951}.Release|Any CPU.Build.0 = Release|Any CPU
		{C68DDF56-C26F-4FBC-BDAC-6D1774307951}.Release|x64.ActiveCfg = Release|Any CPU
		{C68DDF56-C26F-4FBC-BDAC-6D1774307951}.Release|x64.Build.0 = Release|Any CPU
		{C68DDF56-C26F-4FBC-BDAC-6D1774307951}.Release|x86.ActiveCfg = Release|Any CPU
		{C68DDF56-C26F-4FBC-BDAC-6D1774307951}.Release|x86.Build.0 = Release|Any CPU
		{5BBF76CD-3207-4295-B25A-963C141328CC}.Debug|Any CPU.ActiveCfg = Debug|Any CPU
		{5BBF76CD-3207-4295-B25A-963C141328CC}.Debug|Any CPU.Build.0 = Debug|Any CPU
		{5BBF76CD-3207-4295-B25A-963C141328CC}.Debug|x64.ActiveCfg = Debug|Any CPU
		{5BBF76CD-3207-4295-B25A-963C141328CC}.Debug|x64.Build.0 = Debug|Any CPU
		{5BBF76CD-3207-4295-B25A-963C141328CC}.Debug|x86.ActiveCfg = Debug|Any CPU
		{5BBF76CD-3207-4295-B25A-963C141328CC}.Debug|x86.Build.0 = Debug|Any CPU
		{5BBF76CD-3207-4295-B25A-963C141328CC}.Release|Any CPU.ActiveCfg = Release|Any CPU
		{5BBF76CD-3207-4295-B25A-963C141328CC}.Release|Any CPU.Build.0 = Release|Any CPU
		{5BBF76CD-3207-4295-B25A-963C141328CC}.Release|x64.ActiveCfg = Release|Any CPU
		{5BBF76CD-3207-4295-B25A-963C141328CC}.Release|x64.Build.0 = Release|Any CPU
		{5BBF76CD-3207-4295-B25A-963C141328CC}.Release|x86.ActiveCfg = Release|Any CPU
		{5BBF76CD-3207-4295-B25A-963C141328CC}.Release|x86.Build.0 = Release|Any CPU
		{0E9B8BAD-003F-4F0E-B686-0A17CE41CAC7}.Debug|Any CPU.ActiveCfg = Debug|Any CPU
		{0E9B8BAD-003F-4F0E-B686-0A17CE41CAC7}.Debug|Any CPU.Build.0 = Debug|Any CPU
		{0E9B8BAD-003F-4F0E-B686-0A17CE41CAC7}.Debug|x64.ActiveCfg = Debug|Any CPU
		{0E9B8BAD-003F-4F0E-B686-0A17CE41CAC7}.Debug|x64.Build.0 = Debug|Any CPU
		{0E9B8BAD-003F-4F0E-B686-0A17CE41CAC7}.Debug|x86.ActiveCfg = Debug|Any CPU
		{0E9B8BAD-003F-4F0E-B686-0A17CE41CAC7}.Debug|x86.Build.0 = Debug|Any CPU
		{0E9B8BAD-003F-4F0E-B686-0A17CE41CAC7}.Release|Any CPU.ActiveCfg = Release|Any CPU
		{0E9B8BAD-003F-4F0E-B686-0A17CE41CAC7}.Release|Any CPU.Build.0 = Release|Any CPU
		{0E9B8BAD-003F-4F0E-B686-0A17CE41CAC7}.Release|x64.ActiveCfg = Release|Any CPU
		{0E9B8BAD-003F-4F0E-B686-0A17CE41CAC7}.Release|x64.Build.0 = Release|Any CPU
		{0E9B8BAD-003F-4F0E-B686-0A17CE41CAC7}.Release|x86.ActiveCfg = Release|Any CPU
		{0E9B8BAD-003F-4F0E-B686-0A17CE41CAC7}.Release|x86.Build.0 = Release|Any CPU
		{38A32FC8-1E20-4782-8D1D-D2311A506EA3}.Debug|Any CPU.ActiveCfg = Debug|Any CPU
		{38A32FC8-1E20-4782-8D1D-D2311A506EA3}.Debug|Any CPU.Build.0 = Debug|Any CPU
		{38A32FC8-1E20-4782-8D1D-D2311A506EA3}.Debug|x64.ActiveCfg = Debug|Any CPU
		{38A32FC8-1E20-4782-8D1D-D2311A506EA3}.Debug|x64.Build.0 = Debug|Any CPU
		{38A32FC8-1E20-4782-8D1D-D2311A506EA3}.Debug|x86.ActiveCfg = Debug|Any CPU
		{38A32FC8-1E20-4782-8D1D-D2311A506EA3}.Debug|x86.Build.0 = Debug|Any CPU
		{38A32FC8-1E20-4782-8D1D-D2311A506EA3}.Release|Any CPU.ActiveCfg = Release|Any CPU
		{38A32FC8-1E20-4782-8D1D-D2311A506EA3}.Release|Any CPU.Build.0 = Release|Any CPU
		{38A32FC8-1E20-4782-8D1D-D2311A506EA3}.Release|x64.ActiveCfg = Release|Any CPU
		{38A32FC8-1E20-4782-8D1D-D2311A506EA3}.Release|x64.Build.0 = Release|Any CPU
		{38A32FC8-1E20-4782-8D1D-D2311A506EA3}.Release|x86.ActiveCfg = Release|Any CPU
		{38A32FC8-1E20-4782-8D1D-D2311A506EA3}.Release|x86.Build.0 = Release|Any CPU
		{61395696-F35A-43BF-A2BE-13FBD450F3A3}.Debug|Any CPU.ActiveCfg = Debug|Any CPU
		{61395696-F35A-43BF-A2BE-13FBD450F3A3}.Debug|Any CPU.Build.0 = Debug|Any CPU
		{61395696-F35A-43BF-A2BE-13FBD450F3A3}.Debug|x64.ActiveCfg = Debug|Any CPU
		{61395696-F35A-43BF-A2BE-13FBD450F3A3}.Debug|x64.Build.0 = Debug|Any CPU
		{61395696-F35A-43BF-A2BE-13FBD450F3A3}.Debug|x86.ActiveCfg = Debug|Any CPU
		{61395696-F35A-43BF-A2BE-13FBD450F3A3}.Debug|x86.Build.0 = Debug|Any CPU
		{61395696-F35A-43BF-A2BE-13FBD450F3A3}.Release|Any CPU.ActiveCfg = Release|Any CPU
		{61395696-F35A-43BF-A2BE-13FBD450F3A3}.Release|Any CPU.Build.0 = Release|Any CPU
		{61395696-F35A-43BF-A2BE-13FBD450F3A3}.Release|x64.ActiveCfg = Release|Any CPU
		{61395696-F35A-43BF-A2BE-13FBD450F3A3}.Release|x64.Build.0 = Release|Any CPU
		{61395696-F35A-43BF-A2BE-13FBD450F3A3}.Release|x86.ActiveCfg = Release|Any CPU
		{61395696-F35A-43BF-A2BE-13FBD450F3A3}.Release|x86.Build.0 = Release|Any CPU
		{97BE86B7-5777-4835-9340-9C79ED8F2238}.Debug|Any CPU.ActiveCfg = Debug|Any CPU
		{97BE86B7-5777-4835-9340-9C79ED8F2238}.Debug|Any CPU.Build.0 = Debug|Any CPU
		{97BE86B7-5777-4835-9340-9C79ED8F2238}.Debug|x64.ActiveCfg = Debug|Any CPU
		{97BE86B7-5777-4835-9340-9C79ED8F2238}.Debug|x64.Build.0 = Debug|Any CPU
		{97BE86B7-5777-4835-9340-9C79ED8F2238}.Debug|x86.ActiveCfg = Debug|Any CPU
		{97BE86B7-5777-4835-9340-9C79ED8F2238}.Debug|x86.Build.0 = Debug|Any CPU
		{97BE86B7-5777-4835-9340-9C79ED8F2238}.Release|Any CPU.ActiveCfg = Release|Any CPU
		{97BE86B7-5777-4835-9340-9C79ED8F2238}.Release|Any CPU.Build.0 = Release|Any CPU
		{97BE86B7-5777-4835-9340-9C79ED8F2238}.Release|x64.ActiveCfg = Release|Any CPU
		{97BE86B7-5777-4835-9340-9C79ED8F2238}.Release|x64.Build.0 = Release|Any CPU
		{97BE86B7-5777-4835-9340-9C79ED8F2238}.Release|x86.ActiveCfg = Release|Any CPU
		{97BE86B7-5777-4835-9340-9C79ED8F2238}.Release|x86.Build.0 = Release|Any CPU
		{34D84134-412A-4A14-B8F9-4A1D05B84183}.Debug|Any CPU.ActiveCfg = Debug|Any CPU
		{34D84134-412A-4A14-B8F9-4A1D05B84183}.Debug|Any CPU.Build.0 = Debug|Any CPU
		{34D84134-412A-4A14-B8F9-4A1D05B84183}.Debug|x64.ActiveCfg = Debug|Any CPU
		{34D84134-412A-4A14-B8F9-4A1D05B84183}.Debug|x64.Build.0 = Debug|Any CPU
		{34D84134-412A-4A14-B8F9-4A1D05B84183}.Debug|x86.ActiveCfg = Debug|Any CPU
		{34D84134-412A-4A14-B8F9-4A1D05B84183}.Debug|x86.Build.0 = Debug|Any CPU
		{34D84134-412A-4A14-B8F9-4A1D05B84183}.Release|Any CPU.ActiveCfg = Release|Any CPU
		{34D84134-412A-4A14-B8F9-4A1D05B84183}.Release|Any CPU.Build.0 = Release|Any CPU
		{34D84134-412A-4A14-B8F9-4A1D05B84183}.Release|x64.ActiveCfg = Release|Any CPU
		{34D84134-412A-4A14-B8F9-4A1D05B84183}.Release|x64.Build.0 = Release|Any CPU
		{34D84134-412A-4A14-B8F9-4A1D05B84183}.Release|x86.ActiveCfg = Release|Any CPU
		{34D84134-412A-4A14-B8F9-4A1D05B84183}.Release|x86.Build.0 = Release|Any CPU
		{99AD4255-53F4-417F-ACE6-43B68E52BBB9}.Debug|Any CPU.ActiveCfg = Debug|Any CPU
		{99AD4255-53F4-417F-ACE6-43B68E52BBB9}.Debug|Any CPU.Build.0 = Debug|Any CPU
		{99AD4255-53F4-417F-ACE6-43B68E52BBB9}.Debug|x64.ActiveCfg = Debug|Any CPU
		{99AD4255-53F4-417F-ACE6-43B68E52BBB9}.Debug|x64.Build.0 = Debug|Any CPU
		{99AD4255-53F4-417F-ACE6-43B68E52BBB9}.Debug|x86.ActiveCfg = Debug|Any CPU
		{99AD4255-53F4-417F-ACE6-43B68E52BBB9}.Debug|x86.Build.0 = Debug|Any CPU
		{99AD4255-53F4-417F-ACE6-43B68E52BBB9}.Release|Any CPU.ActiveCfg = Release|Any CPU
		{99AD4255-53F4-417F-ACE6-43B68E52BBB9}.Release|Any CPU.Build.0 = Release|Any CPU
		{99AD4255-53F4-417F-ACE6-43B68E52BBB9}.Release|x64.ActiveCfg = Release|Any CPU
		{99AD4255-53F4-417F-ACE6-43B68E52BBB9}.Release|x64.Build.0 = Release|Any CPU
		{99AD4255-53F4-417F-ACE6-43B68E52BBB9}.Release|x86.ActiveCfg = Release|Any CPU
		{99AD4255-53F4-417F-ACE6-43B68E52BBB9}.Release|x86.Build.0 = Release|Any CPU
	EndGlobalSection
	GlobalSection(SolutionProperties) = preSolution
		HideSolutionNode = FALSE
	EndGlobalSection
	GlobalSection(NestedProjects) = preSolution
		{C68DDF56-C26F-4FBC-BDAC-6D1774307951} = {B544155D-E941-447E-A241-6876B495F15E}
	EndGlobalSection
	GlobalSection(ExtensibilityGlobals) = postSolution
		SolutionGuid = {AA6F0309-0C01-42B3-BC63-8F1B76CA2B81}
	EndGlobalSection
EndGlobal
